{
  "name": "share",
  "requires": true,
  "lockfileVersion": 1,
  "dependencies": {
    "@jx3box/jx3box-comment-ui": {
      "version": "1.2.9",
      "resolved": "https://registry.npmjs.org/@jx3box/jx3box-comment-ui/-/jx3box-comment-ui-1.2.9.tgz",
      "integrity": "sha512-84Uu4LrQLi8GLT2mmClsH8G+Qrmxn4xl7HpO5Ul1e8li+n6KpsE+6P2H3k85Bjpt7d84lzXcae6ipRJltF4fEA==",
      "requires": {
        "@jx3box/jx3box-common": "^5.3.2",
        "core-js": "^3.6.4",
        "element-ui": "^2.13.1",
        "vue": "^2.6.11"
      },
      "dependencies": {
        "core-js": {
          "version": "3.8.1",
          "resolved": "https://registry.npmjs.org/core-js/-/core-js-3.8.1.tgz",
          "integrity": "sha512-9Id2xHY1W7m8hCl8NkhQn5CufmF/WuR30BTRewvCXc1aZd3kMECwNZ69ndLbekKfakw9Rf2Xyc+QR6E7Gg+obg=="
        },
        "element-ui": {
          "version": "2.14.1",
          "resolved": "https://registry.npmjs.org/element-ui/-/element-ui-2.14.1.tgz",
          "integrity": "sha512-Uje0J12dBaXdyvt/EtuDA8diFbYTdO7uI4QCfl7zmEJmE1WxgCSVKhlRRoL8MDonO8pyNVhB4n0AFAR14g56nw==",
          "requires": {
            "async-validator": "~1.8.1",
            "babel-helper-vue-jsx-merge-props": "^2.0.0",
            "deepmerge": "^1.2.0",
            "normalize-wheel": "^1.0.1",
            "resize-observer-polyfill": "^1.5.0",
            "throttle-debounce": "^1.0.1"
          }
        },
        "vue": {
          "version": "2.6.12",
          "resolved": "https://registry.npmjs.org/vue/-/vue-2.6.12.tgz",
          "integrity": "sha512-uhmLFETqPPNyuLLbsKz6ioJ4q7AZHzD8ZVFNATNyICSZouqP2Sz0rotWQC8UNBF6VGSCs5abnKJoStA6JbCbfg=="
        }
      }
    },
    "@jx3box/jx3box-common": {
      "version": "5.4.5",
      "resolved": "https://registry.npmjs.org/@jx3box/jx3box-common/-/jx3box-common-5.4.5.tgz",
      "integrity": "sha512-IGp4W4Lc3EG3X+k1HdzAtdZsGl5D3PI9+5IyXYcLjcBwDQ5mspCvCwelojYb12wvowPm7esHpGwsPfw3h/MiAQ==",
      "requires": {
        "axios": "^0.20.0",
        "element-ui": "^2.13.2",
        "localforage": "^1.7.3",
        "moment": "^2.29.1",
        "vue": "^2.6.12"
      },
      "dependencies": {
        "axios": {
          "version": "0.20.0",
          "resolved": "https://registry.npmjs.org/axios/-/axios-0.20.0.tgz",
          "integrity": "sha512-ANA4rr2BDcmmAQLOKft2fufrtuvlqR+cXNNinUmvfeSNCOF98PZL+7M/v1zIdGo7OLjEA9J2gXJL+j4zGsl0bA==",
          "requires": {
            "follow-redirects": "^1.10.0"
          }
        },
        "element-ui": {
          "version": "2.14.1",
          "resolved": "https://registry.npmjs.org/element-ui/-/element-ui-2.14.1.tgz",
          "integrity": "sha512-Uje0J12dBaXdyvt/EtuDA8diFbYTdO7uI4QCfl7zmEJmE1WxgCSVKhlRRoL8MDonO8pyNVhB4n0AFAR14g56nw==",
          "requires": {
            "async-validator": "~1.8.1",
            "babel-helper-vue-jsx-merge-props": "^2.0.0",
            "deepmerge": "^1.2.0",
            "normalize-wheel": "^1.0.1",
            "resize-observer-polyfill": "^1.5.0",
            "throttle-debounce": "^1.0.1"
          }
        },
        "localforage": {
          "version": "1.9.0",
          "resolved": "https://registry.npmjs.org/localforage/-/localforage-1.9.0.tgz",
          "integrity": "sha512-rR1oyNrKulpe+VM9cYmcFn6tsHuokyVHFaCM3+osEmxaHTbEk8oQu6eGDfS6DQLWi/N67XRmB8ECG37OES368g==",
          "requires": {
            "lie": "3.1.1"
          }
        },
        "vue": {
          "version": "2.6.12",
          "resolved": "https://registry.npmjs.org/vue/-/vue-2.6.12.tgz",
          "integrity": "sha512-uhmLFETqPPNyuLLbsKz6ioJ4q7AZHzD8ZVFNATNyICSZouqP2Sz0rotWQC8UNBF6VGSCs5abnKJoStA6JbCbfg=="
        }
      }
    },
    "@jx3box/jx3box-common-ui": {
      "version": "2.7.9",
      "resolved": "https://registry.npmjs.org/@jx3box/jx3box-common-ui/-/jx3box-common-ui-2.7.9.tgz",
      "integrity": "sha512-oSvlS3XaII+1qShsCQs1COdazwoOZ8mVlm+ZYVVUR8+RgDDbYjcUbJUd474PkEU8Iy5/NGqyzlnBPpwukDXJHA==",
      "requires": {
        "@jx3box/jx3box-common": "^5.4.3",
        "axios": "^0.19.2",
        "element-ui": "^2.13.2",
        "jquery": "^3.5.1",
        "lodash": "^4.17.15",
        "qrcode.vue": "^1.7.0",
        "url": "^0.11.0",
        "vue": "^2.6.11"
      },
      "dependencies": {
        "axios": {
          "version": "0.19.2",
          "resolved": "https://registry.npmjs.org/axios/-/axios-0.19.2.tgz",
          "integrity": "sha512-fjgm5MvRHLhx+osE2xoekY70AhARk3a6hkN+3Io1jc00jtquGvxYlKlsFUhmUET0V5te6CcZI7lcv2Ym61mjHA==",
          "requires": {
            "follow-redirects": "1.5.10"
          }
        },
        "element-ui": {
          "version": "2.14.1",
          "resolved": "https://registry.npmjs.org/element-ui/-/element-ui-2.14.1.tgz",
          "integrity": "sha512-Uje0J12dBaXdyvt/EtuDA8diFbYTdO7uI4QCfl7zmEJmE1WxgCSVKhlRRoL8MDonO8pyNVhB4n0AFAR14g56nw==",
          "requires": {
            "async-validator": "~1.8.1",
            "babel-helper-vue-jsx-merge-props": "^2.0.0",
            "deepmerge": "^1.2.0",
            "normalize-wheel": "^1.0.1",
            "resize-observer-polyfill": "^1.5.0",
            "throttle-debounce": "^1.0.1"
          }
        },
        "follow-redirects": {
          "version": "1.5.10",
          "resolved": "https://registry.npmjs.org/follow-redirects/-/follow-redirects-1.5.10.tgz",
          "integrity": "sha512-0V5l4Cizzvqt5D44aTXbFZz+FtyXV1vrDN6qrelxtfYQKW0KO0W2T/hkE8xvGa/540LkZlkaUjO4ailYTFtHVQ==",
          "requires": {
            "debug": "=3.1.0"
          }
        },
        "lodash": {
          "version": "4.17.20",
          "resolved": "https://registry.npmjs.org/lodash/-/lodash-4.17.20.tgz",
          "integrity": "sha512-PlhdFcillOINfeV7Ni6oF1TAEayyZBoZ8bcshTHqOYJYlrqzRK5hagpagky5o4HfCzzd1TRkXPMFq6cKk9rGmA=="
        },
        "vue": {
          "version": "2.6.12",
          "resolved": "https://registry.npmjs.org/vue/-/vue-2.6.12.tgz",
          "integrity": "sha512-uhmLFETqPPNyuLLbsKz6ioJ4q7AZHzD8ZVFNATNyICSZouqP2Sz0rotWQC8UNBF6VGSCs5abnKJoStA6JbCbfg=="
        }
      }
    },
    "@jx3box/jx3box-data": {
      "version": "0.4.9",
      "resolved": "https://registry.npmjs.org/@jx3box/jx3box-data/-/jx3box-data-0.4.9.tgz",
      "integrity": "sha512-ak7wk9m3kiB1DhqaL/+lc442CVTlCKmMq2QbxrBFUVxC5E4CIRzNJMpoZgJxTFZ5WVYNqIm+9iFd/iUkaeGXjQ==",
      "requires": {
        "csv": "^5.3.2"
      }
    },
    "@jx3box/jx3box-editor": {
      "version": "0.4.1",
      "resolved": "https://registry.npmjs.org/@jx3box/jx3box-editor/-/jx3box-editor-0.4.1.tgz",
      "integrity": "sha512-cURRuedkIdEUpSDdYMnyxKs0yAI2gEqlnhQ5D1EuYTOUnQ6LOKTlsTJxxFIu1xypvOE+8kBXY4ij/8Ccd/svww==",
      "requires": {
        "@jx3box/jx3box-common": "^5.3.4",
        "@jx3box/jx3box-data": "^0.2.9",
        "@jx3box/jx3box-macro": "^1.0.1",
        "@jx3box/jx3box-talent": "^1.0.5",
        "@tinymce/tinymce-vue": "^3.2.2",
        "axios": "^0.19.2",
        "core-js": "^3.6.5",
        "csslab": "^4.0.3",
        "element-ui": "^2.13.2",
        "jquery": "^3.5.1",
        "lodash": "^4.17.15",
        "photoswipe": "^4.1.2",
        "prismjs": "^1.20.0",
        "vue": "^2.6.11",
        "vue-photoswipe.js": "^2.0.23",
        "xss": "^1.0.8"
      },
      "dependencies": {
        "@jx3box/jx3box-data": {
          "version": "0.2.9",
          "resolved": "https://registry.npmjs.org/@jx3box/jx3box-data/-/jx3box-data-0.2.9.tgz",
          "integrity": "sha512-uBBJeWuobfA1g/5tXGnq+GWQx9pJrLsrk8QfdPJUtBlrdvCk7bQIXntJthpM5hz+kbQnHq5Rt3tEik6f4c4KNQ==",
          "requires": {
            "csv": "^5.3.2"
          }
        },
        "axios": {
          "version": "0.19.2",
          "resolved": "https://registry.npmjs.org/axios/-/axios-0.19.2.tgz",
          "integrity": "sha512-fjgm5MvRHLhx+osE2xoekY70AhARk3a6hkN+3Io1jc00jtquGvxYlKlsFUhmUET0V5te6CcZI7lcv2Ym61mjHA==",
          "requires": {
            "follow-redirects": "1.5.10"
          }
        },
        "core-js": {
          "version": "3.8.1",
          "resolved": "https://registry.npmjs.org/core-js/-/core-js-3.8.1.tgz",
          "integrity": "sha512-9Id2xHY1W7m8hCl8NkhQn5CufmF/WuR30BTRewvCXc1aZd3kMECwNZ69ndLbekKfakw9Rf2Xyc+QR6E7Gg+obg=="
        },
        "element-ui": {
          "version": "2.14.1",
          "resolved": "https://registry.npmjs.org/element-ui/-/element-ui-2.14.1.tgz",
          "integrity": "sha512-Uje0J12dBaXdyvt/EtuDA8diFbYTdO7uI4QCfl7zmEJmE1WxgCSVKhlRRoL8MDonO8pyNVhB4n0AFAR14g56nw==",
          "requires": {
            "async-validator": "~1.8.1",
            "babel-helper-vue-jsx-merge-props": "^2.0.0",
            "deepmerge": "^1.2.0",
            "normalize-wheel": "^1.0.1",
            "resize-observer-polyfill": "^1.5.0",
            "throttle-debounce": "^1.0.1"
          }
        },
        "follow-redirects": {
          "version": "1.5.10",
          "resolved": "https://registry.npmjs.org/follow-redirects/-/follow-redirects-1.5.10.tgz",
          "integrity": "sha512-0V5l4Cizzvqt5D44aTXbFZz+FtyXV1vrDN6qrelxtfYQKW0KO0W2T/hkE8xvGa/540LkZlkaUjO4ailYTFtHVQ==",
          "requires": {
            "debug": "=3.1.0"
          }
        },
        "lodash": {
          "version": "4.17.20",
          "resolved": "https://registry.npmjs.org/lodash/-/lodash-4.17.20.tgz",
          "integrity": "sha512-PlhdFcillOINfeV7Ni6oF1TAEayyZBoZ8bcshTHqOYJYlrqzRK5hagpagky5o4HfCzzd1TRkXPMFq6cKk9rGmA=="
        },
        "vue": {
          "version": "2.6.12",
          "resolved": "https://registry.npmjs.org/vue/-/vue-2.6.12.tgz",
          "integrity": "sha512-uhmLFETqPPNyuLLbsKz6ioJ4q7AZHzD8ZVFNATNyICSZouqP2Sz0rotWQC8UNBF6VGSCs5abnKJoStA6JbCbfg=="
        },
        "vue-photoswipe.js": {
          "version": "2.0.23",
          "resolved": "https://registry.npmjs.org/vue-photoswipe.js/-/vue-photoswipe.js-2.0.23.tgz",
          "integrity": "sha512-W16CJFVSCUQ1gKwODKo6RhojO/JzXMp/HuaKNnYm4AmBbR0PZdYxT9xvZW0DBc+Sw2fN5lgfd/MtdH4bvz+t7w==",
          "requires": {
            "photoswipe": "^4.1.2"
          }
        }
      }
    },
    "@jx3box/jx3box-facedat": {
      "version": "1.0.1",
      "resolved": "https://registry.npmjs.org/@jx3box/jx3box-facedat/-/jx3box-facedat-1.0.1.tgz",
      "integrity": "sha512-/8N93NdZ1jAoVD1hr2k3hGiUB/BQg4SvkCRWG1lREvOo+4Au2pNVizd5G5eAkYC3Sjv4G41rzv42CkH1hzEylg==",
      "requires": {
        "@jx3box/jx3box-common": "^5.0.4",
        "@jx3box/jx3box-data": "^0.4.2",
        "axios": "^0.19.2",
        "core-js": "^3.6.5",
        "csslab": "^4.0.3",
        "element-ui": "^2.13.2",
        "jquery": "^3.5.1",
        "lodash": "^4.17.15",
        "prismjs": "^1.20.0",
        "vue": "^2.6.11"
      },
      "dependencies": {
        "axios": {
          "version": "0.19.2",
          "resolved": "https://registry.npmjs.org/axios/-/axios-0.19.2.tgz",
          "integrity": "sha512-fjgm5MvRHLhx+osE2xoekY70AhARk3a6hkN+3Io1jc00jtquGvxYlKlsFUhmUET0V5te6CcZI7lcv2Ym61mjHA==",
          "requires": {
            "follow-redirects": "1.5.10"
          }
        },
        "core-js": {
          "version": "3.8.1",
          "resolved": "https://registry.npmjs.org/core-js/-/core-js-3.8.1.tgz",
          "integrity": "sha512-9Id2xHY1W7m8hCl8NkhQn5CufmF/WuR30BTRewvCXc1aZd3kMECwNZ69ndLbekKfakw9Rf2Xyc+QR6E7Gg+obg=="
        },
        "element-ui": {
          "version": "2.14.1",
          "resolved": "https://registry.npmjs.org/element-ui/-/element-ui-2.14.1.tgz",
          "integrity": "sha512-Uje0J12dBaXdyvt/EtuDA8diFbYTdO7uI4QCfl7zmEJmE1WxgCSVKhlRRoL8MDonO8pyNVhB4n0AFAR14g56nw==",
          "requires": {
            "async-validator": "~1.8.1",
            "babel-helper-vue-jsx-merge-props": "^2.0.0",
            "deepmerge": "^1.2.0",
            "normalize-wheel": "^1.0.1",
            "resize-observer-polyfill": "^1.5.0",
            "throttle-debounce": "^1.0.1"
          }
        },
        "follow-redirects": {
          "version": "1.5.10",
          "resolved": "https://registry.npmjs.org/follow-redirects/-/follow-redirects-1.5.10.tgz",
          "integrity": "sha512-0V5l4Cizzvqt5D44aTXbFZz+FtyXV1vrDN6qrelxtfYQKW0KO0W2T/hkE8xvGa/540LkZlkaUjO4ailYTFtHVQ==",
          "requires": {
            "debug": "=3.1.0"
          }
        },
        "lodash": {
          "version": "4.17.20",
          "resolved": "https://registry.npmjs.org/lodash/-/lodash-4.17.20.tgz",
          "integrity": "sha512-PlhdFcillOINfeV7Ni6oF1TAEayyZBoZ8bcshTHqOYJYlrqzRK5hagpagky5o4HfCzzd1TRkXPMFq6cKk9rGmA=="
        },
        "vue": {
          "version": "2.6.12",
          "resolved": "https://registry.npmjs.org/vue/-/vue-2.6.12.tgz",
          "integrity": "sha512-uhmLFETqPPNyuLLbsKz6ioJ4q7AZHzD8ZVFNATNyICSZouqP2Sz0rotWQC8UNBF6VGSCs5abnKJoStA6JbCbfg=="
        }
      }
    },
    "@jx3box/jx3box-macro": {
      "version": "1.0.1",
      "resolved": "https://registry.npmjs.org/@jx3box/jx3box-macro/-/jx3box-macro-1.0.1.tgz",
      "integrity": "sha512-3s0KBeIXYs/RMc45TWReS4DzFtZVA9ZKLt/L5P7YiU+TbZvPZi3iLK3ehecxmMdpw2wFeu+xnSmi4C6lhr6wSw==",
      "requires": {
        "@jx3box/jx3box-common": "^5.0.4",
        "jquery": "^3.5.1"
      }
    },
    "@jx3box/jx3box-page": {
      "version": "0.2.11",
      "resolved": "https://registry.npmjs.org/@jx3box/jx3box-page/-/jx3box-page-0.2.11.tgz",
      "integrity": "sha512-1JIHhR/VRl0hrw3nUOSliNzZmP6O3qT2ZWH1AnZase3ff3FvfQOCWGXDn50XEZW5XFF57SgN/VDkU3b/lkk4KA==",
      "requires": {
        "@jx3box/jx3box-comment-ui": "^1.2.9",
        "@jx3box/jx3box-common": "^5.4.5",
        "@jx3box/jx3box-common-ui": "^2.7.9",
        "@jx3box/jx3box-editor": "^0.4.1",
        "element-ui": "^2.13.0",
        "lodash": "^4.17.15",
        "vue": "^2.6.11",
        "vue-clipboard2": "^0.3.1",
        "vue-router": "^3.1.3",
        "vuex": "^3.1.2"
      },
      "dependencies": {
        "element-ui": {
          "version": "2.14.1",
          "resolved": "https://registry.npmjs.org/element-ui/-/element-ui-2.14.1.tgz",
          "integrity": "sha512-Uje0J12dBaXdyvt/EtuDA8diFbYTdO7uI4QCfl7zmEJmE1WxgCSVKhlRRoL8MDonO8pyNVhB4n0AFAR14g56nw==",
          "requires": {
            "async-validator": "~1.8.1",
            "babel-helper-vue-jsx-merge-props": "^2.0.0",
            "deepmerge": "^1.2.0",
            "normalize-wheel": "^1.0.1",
            "resize-observer-polyfill": "^1.5.0",
            "throttle-debounce": "^1.0.1"
          }
        },
        "lodash": {
          "version": "4.17.20",
          "resolved": "https://registry.npmjs.org/lodash/-/lodash-4.17.20.tgz",
          "integrity": "sha512-PlhdFcillOINfeV7Ni6oF1TAEayyZBoZ8bcshTHqOYJYlrqzRK5hagpagky5o4HfCzzd1TRkXPMFq6cKk9rGmA=="
        },
        "vue": {
          "version": "2.6.12",
          "resolved": "https://registry.npmjs.org/vue/-/vue-2.6.12.tgz",
          "integrity": "sha512-uhmLFETqPPNyuLLbsKz6ioJ4q7AZHzD8ZVFNATNyICSZouqP2Sz0rotWQC8UNBF6VGSCs5abnKJoStA6JbCbfg=="
        },
        "vue-router": {
          "version": "3.4.9",
          "resolved": "https://registry.npmjs.org/vue-router/-/vue-router-3.4.9.tgz",
          "integrity": "sha512-CGAKWN44RqXW06oC+u4mPgHLQQi2t6vLD/JbGRDAXm0YpMv0bgpKuU5bBd7AvMgfTz9kXVRIWKHqRwGEb8xFkA=="
        },
        "vuex": {
          "version": "3.6.0",
          "resolved": "https://registry.npmjs.org/vuex/-/vuex-3.6.0.tgz",
          "integrity": "sha512-W74OO2vCJPs9/YjNjW8lLbj+jzT24waTo2KShI8jLvJW8OaIkgb3wuAMA7D+ZiUxDOx3ubwSZTaJBip9G8a3aQ=="
        }
      }
    },
    "@jx3box/jx3box-talent": {
      "version": "1.0.5",
      "resolved": "https://registry.npmjs.org/@jx3box/jx3box-talent/-/jx3box-talent-1.0.5.tgz",
      "integrity": "sha512-hQ7IZK1F2Kh5b5aEbf48h9LGv5RQs38dspd4JdTlgSM6LJuNoM953i/lPMZSlKPLZlRzOYvjrpK39RzI/ZDp1A==",
      "requires": {
        "@jx3box/jx3box-common": "^5.0.4",
        "jquery": "^3.5.1",
        "lodash": "^4.17.15"
      },
      "dependencies": {
        "lodash": {
          "version": "4.17.20",
          "resolved": "https://registry.npmjs.org/lodash/-/lodash-4.17.20.tgz",
          "integrity": "sha512-PlhdFcillOINfeV7Ni6oF1TAEayyZBoZ8bcshTHqOYJYlrqzRK5hagpagky5o4HfCzzd1TRkXPMFq6cKk9rGmA=="
        }
      }
    },
    "@tinymce/tinymce-vue": {
      "version": "3.2.6",
      "resolved": "https://registry.npmjs.org/@tinymce/tinymce-vue/-/tinymce-vue-3.2.6.tgz",
      "integrity": "sha512-MOzYtjvzzjY2ziiK3a9Mbv/Yl4KptAqQD1l51OVjme4CF1RapEevSgnKHTzsu61F8iHfRjFogdCWy2QG6HATNg=="
    },
    "async-validator": {
      "version": "1.8.5",
      "resolved": "https://registry.npmjs.org/async-validator/-/async-validator-1.8.5.tgz",
      "integrity": "sha512-tXBM+1m056MAX0E8TL2iCjg8WvSyXu0Zc8LNtYqrVeyoL3+esHRZ4SieE9fKQyyU09uONjnMEjrNBMqT0mbvmA==",
      "requires": {
        "babel-runtime": "6.x"
      }
    },
    "babel-helper-vue-jsx-merge-props": {
      "version": "2.0.3",
      "resolved": "https://registry.npmjs.org/babel-helper-vue-jsx-merge-props/-/babel-helper-vue-jsx-merge-props-2.0.3.tgz",
      "integrity": "sha512-gsLiKK7Qrb7zYJNgiXKpXblxbV5ffSwR0f5whkPAaBAR4fhi6bwRZxX9wBlIc5M/v8CCkXUbXZL4N/nSE97cqg=="
    },
    "babel-runtime": {
      "version": "6.26.0",
      "resolved": "https://registry.npmjs.org/babel-runtime/-/babel-runtime-6.26.0.tgz",
      "integrity": "sha1-llxwWGaOgrVde/4E/yM3vItWR/4=",
      "requires": {
        "core-js": "^2.4.0",
        "regenerator-runtime": "^0.11.0"
      },
      "dependencies": {
        "core-js": {
          "version": "2.6.12",
          "resolved": "https://registry.npmjs.org/core-js/-/core-js-2.6.12.tgz",
          "integrity": "sha512-Kb2wC0fvsWfQrgk8HU5lW6U/Lcs8+9aaYcy4ZFc6DDlo4nZ7n70dEgE5rtR0oG6ufKDUnrwfWL1mXR5ljDatrQ=="
        }
      }
    },
    "clipboard": {
      "version": "2.0.6",
      "resolved": "https://registry.npmjs.org/clipboard/-/clipboard-2.0.6.tgz",
      "integrity": "sha512-g5zbiixBRk/wyKakSwCKd7vQXDjFnAMGHoEyBogG/bw9kTD9GvdAvaoRR1ALcEzt3pVKxZR0pViekPMIS0QyGg==",
      "requires": {
        "good-listener": "^1.2.2",
        "select": "^1.1.2",
        "tiny-emitter": "^2.0.0"
      }
    },
    "commander": {
      "version": "2.20.3",
      "resolved": "https://registry.npmjs.org/commander/-/commander-2.20.3.tgz",
      "integrity": "sha512-GpVkmM8vF2vQUkj2LvZmD35JxeJOLCwJ9cUkugyk2nuhbv3+mJvpLYYt+0+USMxE+oj+ey/lJEnhZw75x/OMcQ=="
    },
    "cssfilter": {
      "version": "0.0.10",
      "resolved": "https://registry.npmjs.org/cssfilter/-/cssfilter-0.0.10.tgz",
      "integrity": "sha1-xtJnJjKi5cg+AT5oZKQs6N79IK4="
    },
    "csslab": {
      "version": "4.0.3",
      "resolved": "https://registry.npmjs.org/csslab/-/csslab-4.0.3.tgz",
      "integrity": "sha512-jbQterRqukFpc4hVgOF/bZ+gkE5C9zOFIyIdc77jXxVonAWtHsOg88VyD+S6Bm+52TeBwuATlWjdFHKTfvynnw=="
    },
    "csv": {
      "version": "5.3.2",
      "resolved": "https://registry.npmjs.org/csv/-/csv-5.3.2.tgz",
      "integrity": "sha512-odDyucr9OgJTdGM2wrMbJXbOkJx3nnUX3Pt8SFOwlAMOpsUQlz1dywvLMXJWX/4Ib0rjfOsaawuuwfI5ucqBGQ==",
      "requires": {
        "csv-generate": "^3.2.4",
        "csv-parse": "^4.8.8",
        "csv-stringify": "^5.3.6",
        "stream-transform": "^2.0.1"
      }
    },
    "csv-generate": {
      "version": "3.3.0",
      "resolved": "https://registry.npmjs.org/csv-generate/-/csv-generate-3.3.0.tgz",
      "integrity": "sha512-EXSru4QwEWKwM7wwsJbhrZC+mHEJrhQFoXlohHs80CAU8Qhlv9gaw1sjzNiC3Hr3oUx5skDmEiAlz+tnKWV0RA=="
    },
    "csv-parse": {
      "version": "4.14.1",
      "resolved": "https://registry.npmjs.org/csv-parse/-/csv-parse-4.14.1.tgz",
      "integrity": "sha512-4wmcO7QbWtDAncGFaBwlWFPhEN4Akr64IbM4zvDwEOFekI8blLc04Nw7XjQjtSNy+3AUAgBgtUa9nWo5Cq89Xg=="
    },
    "csv-stringify": {
      "version": "5.5.3",
      "resolved": "https://registry.npmjs.org/csv-stringify/-/csv-stringify-5.5.3.tgz",
      "integrity": "sha512-JKG8vIHpWPzdilp2SAmvjmAiIhD+XGKGdhZBGi8QIECgJAsFr7k5CmJIW2QkSxBBsctvmojM25s+UINzQ5NLTg=="
    },
    "debug": {
      "version": "3.1.0",
      "resolved": "https://registry.npmjs.org/debug/-/debug-3.1.0.tgz",
      "integrity": "sha512-OX8XqP7/1a9cqkxYw2yXss15f26NKWBpDXQd0/uK/KPqdQhxbPa994hnzjcE2VqQpDslf55723cKPUOGSmMY3g==",
      "requires": {
        "ms": "2.0.0"
      }
    },
    "deepmerge": {
      "version": "1.5.2",
      "resolved": "https://registry.npmjs.org/deepmerge/-/deepmerge-1.5.2.tgz",
      "integrity": "sha512-95k0GDqvBjZavkuvzx/YqVLv/6YYa17fz6ILMSf7neqQITCPbnfEnQvEgMPNjH4kgobe7+WIL0yJEHku+H3qtQ=="
    },
    "delegate": {
      "version": "3.2.0",
      "resolved": "https://registry.npmjs.org/delegate/-/delegate-3.2.0.tgz",
      "integrity": "sha512-IofjkYBZaZivn0V8nnsMJGBr4jVLxHDheKSW88PyxS5QC4Vo9ZbZVvhzlSxY87fVq3STR6r+4cGepyHkcWOQSw=="
    },
    "follow-redirects": {
      "version": "1.13.0",
      "resolved": "https://registry.npmjs.org/follow-redirects/-/follow-redirects-1.13.0.tgz",
      "integrity": "sha512-aq6gF1BEKje4a9i9+5jimNFIpq4Q1WiwBToeRK5NvZBd/TRsmW8BsJfOEGkr76TbOyPVD3OVDN910EcUNtRYEA=="
    },
    "good-listener": {
      "version": "1.2.2",
      "resolved": "https://registry.npmjs.org/good-listener/-/good-listener-1.2.2.tgz",
      "integrity": "sha1-1TswzfkxPf+33JoNR3CWqm0UXFA=",
      "requires": {
        "delegate": "^3.1.2"
      }
    },
    "immediate": {
      "version": "3.0.6",
      "resolved": "https://registry.npmjs.org/immediate/-/immediate-3.0.6.tgz",
      "integrity": "sha1-nbHb0Pr43m++D13V5Wu2BigN5ps="
    },
    "jquery": {
      "version": "3.5.1",
      "resolved": "https://registry.npmjs.org/jquery/-/jquery-3.5.1.tgz",
      "integrity": "sha512-XwIBPqcMn57FxfT+Go5pzySnm4KWkT1Tv7gjrpT1srtf8Weynl6R273VJ5GjkRb51IzMp5nbaPjJXMWeju2MKg=="
    },
    "lie": {
      "version": "3.1.1",
      "resolved": "https://registry.npmjs.org/lie/-/lie-3.1.1.tgz",
      "integrity": "sha1-mkNrLMd0bKWd56QfpGmz77dr2H4=",
      "requires": {
        "immediate": "~3.0.5"
      }
    },
    "mixme": {
      "version": "0.4.0",
      "resolved": "https://registry.npmjs.org/mixme/-/mixme-0.4.0.tgz",
      "integrity": "sha512-B4Sm1CDC5+ov5AYxSkyeT5HLtiDgNOLKwFlq34wr8E2O3zRdTvQiLzo599Jt9cir6VJrSenOlgvdooVYCQJIYw=="
    },
    "moment": {
      "version": "2.29.1",
      "resolved": "https://registry.npmjs.org/moment/-/moment-2.29.1.tgz",
      "integrity": "sha512-kHmoybcPV8Sqy59DwNDY3Jefr64lK/by/da0ViFcuA4DH0vQg5Q6Ze5VimxkfQNSC+Mls/Kx53s7TjP1RhFEDQ=="
    },
    "ms": {
      "version": "2.0.0",
      "resolved": "https://registry.npmjs.org/ms/-/ms-2.0.0.tgz",
      "integrity": "sha1-VgiurfwAvmwpAd9fmGF4jeDVl8g="
    },
    "normalize-wheel": {
      "version": "1.0.1",
      "resolved": "https://registry.npmjs.org/normalize-wheel/-/normalize-wheel-1.0.1.tgz",
      "integrity": "sha1-rsiGr/2wRQcNhWRH32Ls+GFG7EU="
    },
    "photoswipe": {
      "version": "4.1.3",
      "resolved": "https://registry.npmjs.org/photoswipe/-/photoswipe-4.1.3.tgz",
      "integrity": "sha512-89Z43IRUyw7ycTolo+AaiDn3W1EEIfox54hERmm9bI12IB9cvRfHSHez3XhAyU8XW2EAFrC+2sKMhh7SJwn0bA=="
    },
    "prismjs": {
      "version": "1.22.0",
      "resolved": "https://registry.npmjs.org/prismjs/-/prismjs-1.22.0.tgz",
      "integrity": "sha512-lLJ/Wt9yy0AiSYBf212kK3mM5L8ycwlyTlSxHBAneXLR0nzFMlZ5y7riFPF3E33zXOF2IH95xdY5jIyZbM9z/w==",
      "requires": {
        "clipboard": "^2.0.0"
      }
    },
    "punycode": {
      "version": "1.3.2",
      "resolved": "https://registry.npmjs.org/punycode/-/punycode-1.3.2.tgz",
      "integrity": "sha1-llOgNvt8HuQjQvIyXM7v6jkmxI0="
    },
    "qrcode.vue": {
      "version": "1.7.0",
      "resolved": "https://registry.npmjs.org/qrcode.vue/-/qrcode.vue-1.7.0.tgz",
      "integrity": "sha512-R7t6Y3fDDtcU7L4rtqwGUDP9xD64gJhIwpfjhRCTKmBoYF6SS49PIJHRJ048cse6OI7iwTwgyy2C46N9Ygoc6g=="
    },
    "querystring": {
      "version": "0.2.0",
      "resolved": "https://registry.npmjs.org/querystring/-/querystring-0.2.0.tgz",
      "integrity": "sha1-sgmEkgO7Jd+CDadW50cAWHhSFiA="
    },
    "regenerator-runtime": {
      "version": "0.11.1",
      "resolved": "https://registry.npmjs.org/regenerator-runtime/-/regenerator-runtime-0.11.1.tgz",
      "integrity": "sha512-MguG95oij0fC3QV3URf4V2SDYGJhJnJGqvIIgdECeODCT98wSWDAJ94SSuVpYQUoTcGUIL6L4yNB7j1DFFHSBg=="
    },
    "resize-observer-polyfill": {
      "version": "1.5.1",
      "resolved": "https://registry.npmjs.org/resize-observer-polyfill/-/resize-observer-polyfill-1.5.1.tgz",
      "integrity": "sha512-LwZrotdHOo12nQuZlHEmtuXdqGoOD0OhaxopaNFxWzInpEgaLWoVuAMbTzixuosCx2nEG58ngzW3vxdWoxIgdg=="
    },
    "select": {
      "version": "1.1.2",
      "resolved": "https://registry.npmjs.org/select/-/select-1.1.2.tgz",
      "integrity": "sha1-DnNQrN7ICxEIUoeG7B1EGNEbOW0="
    },
    "stream-transform": {
      "version": "2.0.3",
      "resolved": "https://registry.npmjs.org/stream-transform/-/stream-transform-2.0.3.tgz",
      "integrity": "sha512-HgNXs2rNG9pKC2gK4owtMPMKfto81S/TWZw0Ybsx6Wp23klnN0YctnMXYe0PmzzhB/zIBEB+0Urf+PMorE4d/A==",
      "requires": {
        "mixme": "^0.4.0"
      }
    },
    "throttle-debounce": {
      "version": "1.1.0",
      "resolved": "https://registry.npmjs.org/throttle-debounce/-/throttle-debounce-1.1.0.tgz",
      "integrity": "sha512-XH8UiPCQcWNuk2LYePibW/4qL97+ZQ1AN3FNXwZRBNPPowo/NRU5fAlDCSNBJIYCKbioZfuYtMhG4quqoJhVzg=="
    },
    "tiny-emitter": {
      "version": "2.1.0",
      "resolved": "https://registry.npmjs.org/tiny-emitter/-/tiny-emitter-2.1.0.tgz",
      "integrity": "sha512-NB6Dk1A9xgQPMoGqC5CVXn123gWyte215ONT5Pp5a0yt4nlEoO1ZWeCwpncaekPHXO60i47ihFnZPiRPjRMq4Q=="
    },
    "url": {
      "version": "0.11.0",
      "resolved": "https://registry.npmjs.org/url/-/url-0.11.0.tgz",
      "integrity": "sha1-ODjpfPxgUh63PFJajlW/3Z4uKPE=",
      "requires": {
        "punycode": "1.3.2",
        "querystring": "0.2.0"
      }
    },
    "vue-clipboard2": {
      "version": "0.3.1",
      "resolved": "https://registry.npmjs.org/vue-clipboard2/-/vue-clipboard2-0.3.1.tgz",
      "integrity": "sha512-H5S/agEDj0kXjUb5GP2c0hCzIXWRBygaWLN3NEFsaI9I3uWin778SFEMt8QRXiPG+7anyjqWiw2lqcxWUSfkYg==",
      "requires": {
        "clipboard": "^2.0.0"
      }
    },
    "xss": {
      "version": "1.0.8",
      "resolved": "https://registry.npmjs.org/xss/-/xss-1.0.8.tgz",
      "integrity": "sha512-3MgPdaXV8rfQ/pNn16Eio6VXYPTkqwa0vc7GkiymmY/DqR1SE/7VPAAVZz1GJsJFrllMYO3RHfEaiUGjab6TNw==",
      "requires": {
        "commander": "^2.20.3",
        "cssfilter": "0.0.10"
      }
    }
  }
}
